{
  "name": "traffic-web",
  "lockfileVersion": 3,
  "requires": true,
  "packages": {
    "": {
      "dependencies": {
        "@types/react": "^19.1.4"
      },
      "devDependencies": {
        "@types/recharts": "^1.8.29"
      }
    },
    "node_modules/@types/d3-path": {
      "version": "1.0.11",
      "resolved": "https://registry.npmjs.org/@types/d3-path/-/d3-path-1.0.11.tgz",
      "integrity": "sha512-4pQMp8ldf7UaB/gR8Fvvy69psNHkTpD/pVw3vmEi8iZAB9EPMBruB1JvHO4BIq9QkUUd2lV1F5YXpMNj7JPBpw==",
      "dev": true,
      "license": "MIT"
    },
    "node_modules/@types/d3-shape": {
      "version": "1.3.12",
      "resolved": "https://registry.npmjs.org/@types/d3-shape/-/d3-shape-1.3.12.tgz",
      "integrity": "sha512-8oMzcd4+poSLGgV0R1Q1rOlx/xdmozS4Xab7np0eamFFUYq71AU9pOCJEFnkXW2aI/oXdVYJzw6pssbSut7Z9Q==",
      "dev": true,
      "license": "MIT",
      "dependencies": {
        "@types/d3-path": "^1"
      }
    },
    "node_modules/@types/react": {
      "version": "19.1.4",
      "resolved": "https://registry.npmjs.org/@types/react/-/react-19.1.4.tgz",
      "integrity": "sha512-EB1yiiYdvySuIITtD5lhW4yPyJ31RkJkkDw794LaQYrxCSaQV/47y5o1FMC4zF9ZyjUjzJMZwbovEnT5yHTW6g==",
      "license": "MIT",
      "dependencies": {
        "csstype": "^3.0.2"
      }
    },
    "node_modules/@types/recharts": {
      "version": "1.8.29",
      "resolved": "https://registry.npmjs.org/@types/recharts/-/recharts-1.8.29.tgz",
      "integrity": "sha512-ulKklaVsnFIIhTQsQw226TnOibrddW1qUQNFVhoQEyY1Z7FRQrNecFCGt7msRuJseudzE9czVawZb17dK/aPXw==",
      "dev": true,
      "license": "MIT",
      "dependencies": {
        "@types/d3-shape": "^1",
        "@types/react": "*"
      }
    },
    "node_modules/csstype": {
      "version": "3.1.3",
      "resolved": "https://registry.npmjs.org/csstype/-/csstype-3.1.3.tgz",
      "integrity": "sha512-M1uQkMl8rQK/szD0LNhtqxIPLpimGm8sOBwU7lLnCpSbTyY3yeU1Vc7l4KT5zT4s/yOxHH5O7tIuuLOCnLADRw==",
      "license": "MIT"
    }
  }
}
